# THIS IS AN AUTOGENERATED FILE. DO NOT EDIT THIS FILE DIRECTLY.
assets/CooperHewittBook.eot:
  development: 2018-03-05T16:17:56-08:00   68547b36d34ec7673bd8ea417b863481
assets/CooperHewittBook.svg:
  development: 2018-03-05T16:17:56-08:00   aa6be4503804c8c02521a36cc15c60cd
assets/CooperHewittBook.ttf:
  development: 2018-03-05T16:17:56-08:00   83a59d6f69d1478d41b968b8a6b9b544
assets/CooperHewittBook.woff:
  development: 2018-03-05T16:17:56-08:00   3a798b769305a1437ad7df0656b31f7d
assets/CooperHewittBook.woff2:
  development: 2018-03-05T16:17:57-08:00   ba6ac5d7ae3bc1dfaadae52611839582
assets/CooperHewittSemibold.eot:
  development: 2018-03-05T16:17:57-08:00   c2785f90074348e7b79cea562e076a78
assets/CooperHewittSemibold.svg:
  development: 2018-03-05T16:17:57-08:00   0f0d16e48bcd4ce9d081b1aa3ae44140
assets/CooperHewittSemibold.ttf:
  development: 2018-03-05T16:17:57-08:00   62267b631a2cbf703989246fa9e49dd2
assets/CooperHewittSemibold.woff:
  development: 2018-03-05T16:17:57-08:00   0b89c61a2412b6eb20ac7dacba5c2974
assets/CooperHewittSemibold.woff2:
  development: 2018-03-05T16:17:57-08:00   0ff42cea8e15251e66d6fd81e7ccc13d
assets/ajax-loader.gif:
  development: 2018-03-05T16:17:57-08:00   deca8b0ecd6974227d157b6d7068995d
assets/carousel-min.js:
  development: 2018-03-05T16:17:57-08:00   7e9d758ed4e4861fccb68b7c137bf76e
assets/carousel.js:
  development: 2018-03-05T16:17:57-08:00   c53670218956acfd0689308bd3ffbd5b
assets/fontloader-min.js:
  development: 2018-03-05T16:17:57-08:00   c06928c077af10a232969c0df37958df
assets/fontloader.js:
  development: 2018-03-05T16:17:57-08:00   7e2893ef542a12a5c7207d438bfa87d8
assets/fonts-min.css:
  development: 2018-03-05T16:17:57-08:00   1c456d79de48ed7b7a6a5eaf1a52902a
assets/fonts.css:
  development: 2018-03-05T16:17:58-08:00   923c123e072af94dc582fa2ec9e08837
assets/gift-card-min.js:
  development: 2018-03-05T16:17:58-08:00   34f5b495d7fe7829b153a9221d2506b4
assets/gift-card.js:
  development: 2018-03-05T16:17:58-08:00   c73df2ee57cc9eb577f7a1858063495d
assets/gift-card.scss.liquid:
  development: 2018-03-05T16:17:58-08:00   647ae860a3a785081fa97f55b66cea83
assets/ico-select.svg.liquid:
  development: 2018-03-05T16:17:58-08:00   28de0c672609528b7c55f6f47810784b
assets/lazysizes-min.js:
  development: 2018-03-05T16:17:58-08:00   c8622e385dbd1b50f1a17ddbb1a9465a
assets/lazysizes.js:
  development: 2018-03-05T16:17:58-08:00   a27b15d827d7a26f9fa58fb6b4f9d4b6
assets/match-media.min-min.js:
  development: 2018-03-05T16:17:58-08:00   7e659055e0d50373b5f687a619645fda
assets/match-media.min.js:
  development: 2018-03-05T16:17:58-08:00   d0bf06c458a236dcca39b3be8cf80ec5
assets/mcsm-min.js:
  development: 2018-03-05T16:17:58-08:00   35b7060b96e1632bd348c605459fc597
assets/mcsm.js:
  development: 2018-03-05T16:17:59-08:00   b1f1f3631a254b39cd2f75f46a98f6ce
assets/motoclub.css:
  development: 2018-03-05T16:17:59-08:00   f143ab37aeb808cdf6bb4f41d8975478
assets/password-min.js:
  development: 2018-03-05T16:17:59-08:00   08ac38d00b4d63eac4758813761096af
assets/password.js:
  development: 2018-03-05T16:17:59-08:00   d826da9cb223a44d53a0c34f457e92dc
assets/theme-min.js:
  development: 2018-03-05T16:17:59-08:00   3267a8f384cb644bbe1d51420b1c0f40
assets/theme.js:
  development: 2018-03-05T16:17:59-08:00   a390a613cb501235e64059969fca9891
assets/theme.scss.liquid:
  development: 2018-03-05T16:17:59-08:00   325067b2ad3cc8401ac14492218c4bca
assets/vendor-min.js:
  development: 2018-03-05T16:17:59-08:00   b1a0d5777b70ac6a8322e36b3ad691ec
assets/vendor.js:
  development: 2018-03-05T16:17:59-08:00   cb7c4217c9b6feb844647b361accfe6c
config/settings_data.json:
  development: 2018-03-05T16:18:02-08:00   bd9eb3dea2385478c1d7d3ef15728933
config/settings_schema.json:
  development: 2018-03-05T16:18:01-08:00   b7e337104d26104859b4006d3f685180
layout/gift_card.liquid:
  development: 2018-03-05T16:17:59-08:00   876374b0950e11992ce087d1d2bad3c8
layout/password.liquid:
  development: 2018-03-05T16:17:59-08:00   6351674ea67c53e01643a5bea02f7d0a
layout/theme.liquid:
  development: 2018-03-05T16:17:59-08:00   811969e34a0b96a5303da9fcf3b032f0
locales/de.json:
  development: 2018-03-05T16:17:59-08:00   b7cd7749b0a0d9df967227ee73bcbb7f
locales/en.default.json:
  development: 2018-03-05T16:17:59-08:00   569c6ff06a34d207deb1d37d4d8138b2
locales/es.json:
  development: 2018-03-05T16:17:59-08:00   1f7faec878ecdbd841a874f20548c252
locales/fr.json:
  development: 2018-03-05T16:18:00-08:00   6a7a530503406291c810ad803e1ae7d3
locales/it.json:
  development: 2018-03-05T16:18:00-08:00   1e9bf18e791cca0b5c22210f65193234
locales/ja.json:
  development: 2018-03-05T16:18:00-08:00   d37fd5030ba34cadec9ea376c939f2a1
locales/pt-BR.json:
  development: 2018-03-05T16:18:00-08:00   e34f8234dadd2e978e7d60c45069cda8
locales/pt-PT.json:
  development: 2018-03-05T16:18:00-08:00   9753246c7cfeeb72638f4df3170e0566
sections/article-template.liquid:
  development: 2018-03-05T16:17:55-08:00   6850937aeb295fae74ca4dec2a6922bb
sections/blog-template.liquid:
  development: 2018-03-05T16:17:55-08:00   5757170836346c1082ffba4ef408857e
sections/cart-template.liquid:
  development: 2018-03-05T16:17:55-08:00   f07185af88ed866aaf60d6567f794269
sections/collection-list.liquid:
  development: 2018-03-05T16:17:55-08:00   a55d61b95ff71917adad276c41ee1dc0
sections/collection-template.liquid:
  development: 2018-03-05T16:17:55-08:00   7edd49632be3a580f55e517e749fefa9
sections/collection.liquid:
  development: 2018-03-05T16:17:55-08:00   877851e70f580f3956e6d65580ce91d9
sections/custom-content.liquid:
  development: 2018-03-05T16:17:55-08:00   a93acafc1d3e402e32208192b520bac7
sections/feature-columns.liquid:
  development: 2018-03-05T16:17:55-08:00   7a13ef86a614ab0178a823e94b6d495a
sections/feature-row.liquid:
  development: 2018-03-05T16:17:55-08:00   bde08223943123aaf565f941cabf86e4
sections/featured-blog.liquid:
  development: 2018-03-05T16:17:55-08:00   9a1edbe837a0e23ee0b4aa7e024db613
sections/featured-product.liquid:
  development: 2018-03-05T16:17:55-08:00   9c2cd13b0e7e12c4468426c6119eb30e
sections/footer.liquid:
  development: 2018-03-05T16:17:55-08:00   4303ac1d6b8ffe191ac18e8f86508f8e
sections/header.liquid:
  development: 2018-03-05T16:17:55-08:00   3706ba2d78936b5030d3e6cd46c68c6c
sections/hero.liquid:
  development: 2018-03-05T16:17:55-08:00   d45cf37312b64d6e7511bdba56256758
sections/image-bar.liquid:
  development: 2018-03-05T16:17:55-08:00   aa3e620e7da9659ad6c8a55ca2e596a8
sections/list-collections-template.liquid:
  development: 2018-03-05T16:17:55-08:00   3039da18483e52dcf6e6d354ac533cb6
sections/logo-bar.liquid:
  development: 2018-03-05T16:17:56-08:00   64f407568f03aca98443ad9ed30db47a
sections/map.liquid:
  development: 2018-03-05T16:17:56-08:00   e6bfab6213264f929e50e67ca23701b1
sections/newsletter.liquid:
  development: 2018-03-05T16:17:56-08:00   e5e3b7216b1f6352652611995b8091f7
sections/password-content.liquid:
  development: 2018-03-05T16:17:56-08:00   a3f9a878372b9cc4908dedc0257b9c0e
sections/password-footer.liquid:
  development: 2018-03-05T16:17:56-08:00   0c543736abf1ace6be7207be17195203
sections/password-header.liquid:
  development: 2018-03-05T16:17:56-08:00   96c731183fa1c3f2f87ca66501494897
sections/product-template.liquid:
  development: 2018-03-05T16:17:56-08:00   54b17ac9449d97266c83ee9cf13346c6
sections/quotes.liquid:
  development: 2018-03-05T16:17:56-08:00   b234ffff9a061befe87a0d69a121af1c
sections/rich-text.liquid:
  development: 2018-03-05T16:17:56-08:00   d25fb0e1575242ba565b129eff3dd1b8
sections/slideshow.liquid:
  development: 2018-03-05T16:17:56-08:00   b45e3880ca33f6ac6de7c2b5eb9dd40b
snippets/bgset.liquid:
  development: 2018-03-05T16:18:00-08:00   85889bbc39b57621f32fad66317366fc
snippets/breadcrumbs.liquid:
  development: 2018-03-05T16:18:00-08:00   cb2c9492ae64259fa108b22438f0d500
snippets/collection-filters.liquid:
  development: 2018-03-05T16:18:00-08:00   1622133ba0b6797c0db3b89d2e9269f4
snippets/collection-grid-item.liquid:
  development: 2018-03-05T16:18:00-08:00   209c8abd3531c95e503636cc520dd9ca
snippets/comment.liquid:
  development: 2018-03-05T16:18:00-08:00   50406c82467014e1bbe15a62685b2536
snippets/google-fonts.liquid:
  development: 2018-03-05T16:18:00-08:00   377ddc183ac7882100f47299bb8e0467
snippets/image-style.liquid:
  development: 2018-03-05T16:18:00-08:00   2d807ad1f4831d306d8e190b89d45c00
snippets/item.liquid:
  development: 2018-03-05T16:18:00-08:00   8a4b6106b02087c11a773b19812e8d60
snippets/mobile-nav.liquid:
  development: 2018-03-05T16:18:00-08:00   95d16c8a18ab03a81d9defbe00e5e66c
snippets/no-blocks.liquid:
  development: 2018-03-05T16:18:00-08:00   0cb7d758b6df0feb07ae5804b4b627fa
snippets/pagination.liquid:
  development: 2018-03-05T16:18:00-08:00   0387eec4c5aedbd2111bc95de354b31b
snippets/product-card-grid.liquid:
  development: 2018-03-05T16:18:00-08:00   4688cc4ff89f19be4a58919fb7a3a8fe
snippets/product-card-list.liquid:
  development: 2018-03-05T16:18:00-08:00   701fa6db04bd9c70283028cc4274fc2f
snippets/product-description.liquid:
  development: 2018-03-05T16:18:00-08:00   91ad2a2384f7cbbe9e7f4d8c4ae57907
snippets/product-gallery.liquid:
  development: 2018-03-05T16:18:00-08:00   859f1183ef10778348717fc92807a620
snippets/product-price.liquid:
  development: 2018-03-05T16:18:00-08:00   6f6d1b55d488d08b5af74f762fa0a528
snippets/search-form.liquid:
  development: 2018-03-05T16:18:00-08:00   28a50f2542fd28c27fd3eb50ae816c46
snippets/site-nav.liquid:
  development: 2018-03-05T16:18:00-08:00   7e94d8a63e8cfd44d5763a09a9b9dc09
snippets/social-meta-tags.liquid:
  development: 2018-03-05T16:18:00-08:00   ae9e213401623b2601abf0ace8e21537
snippets/social-sharing.liquid:
  development: 2018-03-05T16:18:01-08:00   df66127392b32e401ac2dd2963c78047
snippets/sort-by.liquid:
  development: 2018-03-05T16:18:01-08:00   99b8b78b18daf82386ce910c6f1f0540
snippets/tag-filters.liquid:
  development: 2018-03-05T16:18:01-08:00   76e6668cf3376713be4adc91e47adde5
templates/404.liquid:
  development: 2018-03-05T16:18:01-08:00   805b16263cdf5c85be9c507ad6b03623
templates/article.liquid:
  development: 2018-03-05T16:18:01-08:00   ee81292ccbf409a609d95a6d1a89d94f
templates/blog.liquid:
  development: 2018-03-05T16:18:01-08:00   2d9763b480fe6879080163b1e0e33e54
templates/cart.liquid:
  development: 2018-03-05T16:18:01-08:00   714b4b7c62d583b231f339bbd1b85d03
templates/collection.liquid:
  development: 2018-03-05T16:18:01-08:00   f5828c431b327122f87cad5793058a1d
templates/customers/account.liquid:
  development: 2018-03-05T16:18:01-08:00   2150e58e96e6435f4449d4a71b395aa6
templates/customers/activate_account.liquid:
  development: 2018-03-05T16:18:01-08:00   857243216dbada72fb0fc9bc256da757
templates/customers/addresses.liquid:
  development: 2018-03-05T16:18:01-08:00   f430f4d7180c00a1e2c058124c26c0e9
templates/customers/login.liquid:
  development: 2018-03-05T16:18:01-08:00   28ed5c6acf621c8b4523bbc178f97955
templates/customers/order.liquid:
  development: 2018-03-05T16:18:01-08:00   e6fc7179a5a3904781b3847d8ef8c0f7
templates/customers/register.liquid:
  development: 2018-03-05T16:18:01-08:00   fcf72eba28fe5737b6be507228b2f5fc
templates/customers/reset_password.liquid:
  development: 2018-03-05T16:18:01-08:00   e80703307e36b8b5dd428463bace82cc
templates/gift_card.liquid:
  development: 2018-03-05T16:18:01-08:00   16c95e9922ddd30e37f0cf018e86597c
templates/index.liquid:
  development: 2018-03-05T16:18:01-08:00   56b51b6f96394db4b17c64b43e1c0010
templates/list-collections.liquid:
  development: 2018-03-05T16:18:01-08:00   d42f6d6957169811896f646709d353d9
templates/page.contact.liquid:
  development: 2018-03-05T16:18:01-08:00   854f7fd02acf64bc9ce31bfd6994f791
templates/page.liquid:
  development: 2018-03-05T16:18:01-08:00   26f97d3355078de5c6678ed3b34ad7f6
templates/password.liquid:
  development: 2018-03-05T16:18:01-08:00   30d1743d26765ce8c3fa53a3fdf9524f
templates/product.liquid:
  development: 2018-03-05T16:18:01-08:00   104c9411752892755502b61349a31329
templates/search.liquid:
  development: 2018-03-05T16:18:01-08:00   6e8bfd01622f992bf20c908bfb83337d
